{
  "name": "blob",
  "version": "0.0.1",
  "lockfileVersion": 1,
  "requires": true,
  "dependencies": {
    "es6-tween": {
      "version": "5.5.10",
      "resolved": "https://registry.npmjs.org/es6-tween/-/es6-tween-5.5.10.tgz",
      "integrity": "sha512-nzhoX7JX+U936ksm7aok9CYsl5Y4rGOzt/6hFTOUmoVjO8bjQAsh+Adqqnl6EKoRCI02Jr0/0OVuwHOotEYzwg=="
    }
  }
}
